
Microsoft Visual Studio Solution File, Format Version 12.00
# Visual Studio Version 17
VisualStudioVersion = 17.2.32505.173
MinimumVisualStudioVersion = 10.0.40219.1
Project("{9A19103F-16F7-4668-BE54-9A1E7A4F7556}") = "MSTest", "MSTest\MSTest.csproj", "{A9DF1187-9697-4DF0-9838-5D2D92A35D7E}"
EndProject
Project("{9A19103F-16F7-4668-BE54-9A1E7A4F7556}") = "NUnitTests", "NUnit\NUnitTests.csproj", "{0A95CE09-71FA-40FB-B40E-84FFA308799A}"
EndProject
Project("{2150E333-8FDC-42A3-9474-1A3956D46DE8}") = "Solution Items", "Solution Items", "{C4621E31-8926-4933-A1D7-A808AD7580FC}"
	ProjectSection(SolutionItems) = preProject
		.gitignore = .gitignore
		README.md = README.md
	EndProjectSection
EndProject
Project("{FAE04EC0-301F-11D3-BF4B-00C04F79EFBC}") = "XUnitTests", "XUnitTests\XUnitTests.csproj", "{CE4C51CB-9A44-43BE-BC2C-9320F3561AC7}"
EndProject
Global
	GlobalSection(SolutionConfigurationPlatforms) = preSolution
		Debug|Any CPU = Debug|Any CPU
		Release|Any CPU = Release|Any CPU
	EndGlobalSection
	GlobalSection(ProjectConfigurationPlatforms) = postSolution
		{A9DF1187-9697-4DF0-9838-5D2D92A35D7E}.Debug|Any CPU.ActiveCfg = Debug|Any CPU
		{A9DF1187-9697-4DF0-9838-5D2D92A35D7E}.Debug|Any CPU.Build.0 = Debug|Any CPU
		{A9DF1187-9697-4DF0-9838-5D2D92A35D7E}.Release|Any CPU.ActiveCfg = Release|Any CPU
		{A9DF1187-9697-4DF0-9838-5D2D92A35D7E}.Release|Any CPU.Build.0 = Release|Any CPU
		{0A95CE09-71FA-40FB-B40E-84FFA308799A}.Debug|Any CPU.ActiveCfg = Debug|Any CPU
		{0A95CE09-71FA-40FB-B40E-84FFA308799A}.Debug|Any CPU.Build.0 = Debug|Any CPU
		{0A95CE09-71FA-40FB-B40E-84FFA308799A}.Release|Any CPU.ActiveCfg = Release|Any CPU
		{0A95CE09-71FA-40FB-B40E-84FFA308799A}.Release|Any CPU.Build.0 = Release|Any CPU
		{CE4C51CB-9A44-43BE-BC2C-9320F3561AC7}.Debug|Any CPU.ActiveCfg = Debug|Any CPU
		{CE4C51CB-9A44-43BE-BC2C-9320F3561AC7}.Debug|Any CPU.Build.0 = Debug|Any CPU
		{CE4C51CB-9A44-43BE-BC2C-9320F3561AC7}.Release|Any CPU.ActiveCfg = Release|Any CPU
		{CE4C51CB-9A44-43BE-BC2C-9320F3561AC7}.Release|Any CPU.Build.0 = Release|Any CPU
	EndGlobalSection
	GlobalSection(SolutionProperties) = preSolution
		HideSolutionNode = FALSE
	EndGlobalSection
	GlobalSection(ExtensibilityGlobals) = postSolution
		SolutionGuid = {71917A77-2EE0-4090-A64A-F34C9F57C238}
	EndGlobalSection
EndGlobal
